
Microsoft Visual Studio Solution File, Format Version 12.00
# Visual Studio Version 17
VisualStudioVersion = 17.11.35312.102
MinimumVisualStudioVersion = 10.0.40219.1
Project("{9A19103F-16F7-4668-BE54-9A1E7A4F7556}") = "NeuralNet", "NeuralNet\NeuralNet.csproj", "{4269980F-7186-41F7-9C5A-00C916D24444}"
EndProject
Project("{FAE04EC0-301F-11D3-BF4B-00C04F79EFBC}") = "NeuralNet.Forms", "NeuralNet.Forms\NeuralNet.Forms.csproj", "{90DE88F0-E7AC-48EC-B5EF-24D53F5163BB}"
EndProject
Global
	GlobalSection(SolutionConfigurationPlatforms) = preSolution
		Debug|Any CPU = Debug|Any CPU
		Release|Any CPU = Release|Any CPU
	EndGlobalSection
	GlobalSection(ProjectConfigurationPlatforms) = postSolution
		{4269980F-7186-41F7-9C5A-00C916D24444}.Debug|Any CPU.ActiveCfg = Debug|Any CPU
		{4269980F-7186-41F7-9C5A-00C916D24444}.Debug|Any CPU.Build.0 = Debug|Any CPU
		{4269980F-7186-41F7-9C5A-00C916D24444}.Release|Any CPU.ActiveCfg = Release|Any CPU
		{4269980F-7186-41F7-9C5A-00C916D24444}.Release|Any CPU.Build.0 = Release|Any CPU
		{90DE88F0-E7AC-48EC-B5EF-24D53F5163BB}.Debug|Any CPU.ActiveCfg = Debug|Any CPU
		{90DE88F0-E7AC-48EC-B5EF-24D53F5163BB}.Debug|Any CPU.Build.0 = Debug|Any CPU
		{90DE88F0-E7AC-48EC-B5EF-24D53F5163BB}.Release|Any CPU.ActiveCfg = Release|Any CPU
		{90DE88F0-E7AC-48EC-B5EF-24D53F5163BB}.Release|Any CPU.Build.0 = Release|Any CPU
	EndGlobalSection
	GlobalSection(SolutionProperties) = preSolution
		HideSolutionNode = FALSE
	EndGlobalSection
	GlobalSection(ExtensibilityGlobals) = postSolution
		SolutionGuid = {CADA7226-105A-4181-A082-5751BB80CBEE}
	EndGlobalSection
EndGlobal
